version = 1
revision = 1
requires-python = ">=3.13"

[[package]]
name = "customtkinter"
version = "5.2.2"
source = { registry = "https://pypi.org/simple" }
dependencies = [
    { name = "darkdetect" },
    { name = "packaging" },
]
sdist = { url = "https://files.pythonhosted.org/packages/cf/48/c5a9d44188c44702e1e3db493c741e9c779596835a761b819fe15431d163/customtkinter-5.2.2.tar.gz", hash = "sha256:fd8db3bafa961c982ee6030dba80b4c2e25858630756b513986db19113d8d207", size = 261999 }
wheels = [
    { url = "https://files.pythonhosted.org/packages/3b/b1/b43b33001a77256b335511e75f257d001082350b8506c8807f30c98db052/customtkinter-5.2.2-py3-none-any.whl", hash = "sha256:14ad3e7cd3cb3b9eb642b9d4e8711ae80d3f79fb82545ad11258eeffb2e6b37c", size = 296062 },
]

[[package]]
name = "darkdetect"
version = "0.8.0"
source = { registry = "https://pypi.org/simple" }
sdist = { url = "https://files.pythonhosted.org/packages/45/77/7575be73bf12dee231d0c6e60ce7fb7a7be4fcd58823374fc59a6e48262e/darkdetect-0.8.0.tar.gz", hash = "sha256:b5428e1170263eb5dea44c25dc3895edd75e6f52300986353cd63533fe7df8b1", size = 7681 }
wheels = [
    { url = "https://files.pythonhosted.org/packages/f2/f2/728f041460f1b9739b85ee23b45fa5a505962ea11fd85bdbe2a02b021373/darkdetect-0.8.0-py3-none-any.whl", hash = "sha256:a7509ccf517eaad92b31c214f593dbcf138ea8a43b2935406bbd565e15527a85", size = 8955 },
]

[[package]]
name = "fuzzywuzzy"
version = "0.18.0"
source = { registry = "https://pypi.org/simple" }
sdist = { url = "https://files.pythonhosted.org/packages/11/4b/0a002eea91be6048a2b5d53c5f1b4dafd57ba2e36eea961d05086d7c28ce/fuzzywuzzy-0.18.0.tar.gz", hash = "sha256:45016e92264780e58972dca1b3d939ac864b78437422beecebb3095f8efd00e8", size = 28888 }
wheels = [
    { url = "https://files.pythonhosted.org/packages/43/ff/74f23998ad2f93b945c0309f825be92e04e0348e062026998b5eefef4c33/fuzzywuzzy-0.18.0-py2.py3-none-any.whl", hash = "sha256:928244b28db720d1e0ee7587acf660ea49d7e4c632569cad4f1cd7e68a5f0993", size = 18272 },
]

[[package]]
name = "levenshtein"
version = "0.27.1"
source = { registry = "https://pypi.org/simple" }
dependencies = [
    { name = "rapidfuzz" },
]
sdist = { url = "https://files.pythonhosted.org/packages/7e/b3/b5f8011483ba9083a0bc74c4d58705e9cf465fbe55c948a1b1357d0a2aa8/levenshtein-0.27.1.tar.gz", hash = "sha256:3e18b73564cfc846eec94dd13fab6cb006b5d2e0cc56bad1fd7d5585881302e3", size = 382571 }
wheels = [
    { url = "https://files.pythonhosted.org/packages/c6/d3/30485fb9aee848542ee2d01aba85106a7f5da982ebeeffc619f70ea593c7/levenshtein-0.27.1-cp313-cp313-macosx_10_13_x86_64.whl", hash = "sha256:ab00c2cae2889166afb7e1af64af2d4e8c1b126f3902d13ef3740df00e54032d", size = 173397 },
    { url = "https://files.pythonhosted.org/packages/df/9f/40a81c54cfe74b22737710e654bd25ad934a675f737b60b24f84099540e0/levenshtein-0.27.1-cp313-cp313-macosx_11_0_arm64.whl", hash = "sha256:c27e00bc7527e282f7c437817081df8da4eb7054e7ef9055b851fa3947896560", size = 155787 },
    { url = "https://files.pythonhosted.org/packages/df/98/915f4e24e21982b6eca2c0203546c160f4a83853fa6a2ac6e2b208a54afc/levenshtein-0.27.1-cp313-cp313-manylinux_2_17_aarch64.manylinux2014_aarch64.whl", hash = "sha256:a5b07de42bfc051136cc8e7f1e7ba2cb73666aa0429930f4218efabfdc5837ad", size = 150013 },
    { url = "https://files.pythonhosted.org/packages/80/93/9b0773107580416b9de14bf6a12bd1dd2b2964f7a9f6fb0e40723e1f0572/levenshtein-0.27.1-cp313-cp313-manylinux_2_17_ppc64le.manylinux2014_ppc64le.whl", hash = "sha256:fb11ad3c9dae3063405aa50d9c96923722ab17bb606c776b6817d70b51fd7e07", size = 181234 },
    { url = "https://files.pythonhosted.org/packages/91/b1/3cd4f69af32d40de14808142cc743af3a1b737b25571bd5e8d2f46b885e0/levenshtein-0.27.1-cp313-cp313-manylinux_2_17_s390x.manylinux2014_s390x.whl", hash = "sha256:5c5986fb46cb0c063305fd45b0a79924abf2959a6d984bbac2b511d3ab259f3f", size = 183697 },
    { url = "https://files.pythonhosted.org/packages/bb/65/b691e502c6463f6965b7e0d8d84224c188aa35b53fbc85853c72a0e436c9/levenshtein-0.27.1-cp313-cp313-manylinux_2_17_x86_64.manylinux2014_x86_64.whl", hash = "sha256:75191e469269ddef2859bc64c4a8cfd6c9e063302766b5cb7e1e67f38cc7051a", size = 159964 },
    { url = "https://files.pythonhosted.org/packages/0f/c0/89a922a47306a475fb6d8f2ab08668f143d3dc7dea4c39d09e46746e031c/levenshtein-0.27.1-cp313-cp313-manylinux_2_5_i686.manylinux1_i686.manylinux_2_17_i686.manylinux2014_i686.whl", hash = "sha256:51b3a7b2266933babc04e4d9821a495142eebd6ef709f90e24bc532b52b81385", size = 244759 },
    { url = "https://files.pythonhosted.org/packages/b4/93/30283c6e69a6556b02e0507c88535df9613179f7b44bc49cdb4bc5e889a3/levenshtein-0.27.1-cp313-cp313-musllinux_1_2_aarch64.whl", hash = "sha256:bbac509794afc3e2a9e73284c9e3d0aab5b1d928643f42b172969c3eefa1f2a3", size = 1115955 },
    { url = "https://files.pythonhosted.org/packages/0b/cf/7e19ea2c23671db02fbbe5a5a4aeafd1d471ee573a6251ae17008458c434/levenshtein-0.27.1-cp313-cp313-musllinux_1_2_i686.whl", hash = "sha256:8d68714785178347ecb272b94e85cbf7e638165895c4dd17ab57e7742d8872ec", size = 1400921 },
    { url = "https://files.pythonhosted.org/packages/e3/f7/fb42bfe2f3b46ef91f0fc6fa217b44dbeb4ef8c72a9c1917bbbe1cafc0f8/levenshtein-0.27.1-cp313-cp313-musllinux_1_2_ppc64le.whl", hash = "sha256:8ee74ee31a5ab8f61cd6c6c6e9ade4488dde1285f3c12207afc018393c9b8d14", size = 1225037 },
    { url = "https://files.pythonhosted.org/packages/74/25/c86f8874ac7b0632b172d0d1622ed3ab9608a7f8fe85d41d632b16f5948e/levenshtein-0.27.1-cp313-cp313-musllinux_1_2_s390x.whl", hash = "sha256:f2441b6365453ec89640b85344afd3d602b0d9972840b693508074c613486ce7", size = 1420601 },
    { url = "https://files.pythonhosted.org/packages/20/fe/ebfbaadcd90ea7dfde987ae95b5c11dc27c2c5d55a2c4ccbbe4e18a8af7b/levenshtein-0.27.1-cp313-cp313-musllinux_1_2_x86_64.whl", hash = "sha256:a9be39640a46d8a0f9be729e641651d16a62b2c07d3f4468c36e1cc66b0183b9", size = 1188241 },
    { url = "https://files.pythonhosted.org/packages/2e/1a/aa6b07316e10781a6c5a5a8308f9bdc22213dc3911b959daa6d7ff654fc6/levenshtein-0.27.1-cp313-cp313-win32.whl", hash = "sha256:a520af67d976761eb6580e7c026a07eb8f74f910f17ce60e98d6e492a1f126c7", size = 88103 },
    { url = "https://files.pythonhosted.org/packages/9d/7b/9bbfd417f80f1047a28d0ea56a9b38b9853ba913b84dd5998785c5f98541/levenshtein-0.27.1-cp313-cp313-win_amd64.whl", hash = "sha256:7dd60aa49c2d8d23e0ef6452c8329029f5d092f386a177e3385d315cabb78f2a", size = 100579 },
    { url = "https://files.pythonhosted.org/packages/8b/01/5f3ff775db7340aa378b250e2a31e6b4b038809a24ff0a3636ef20c7ca31/levenshtein-0.27.1-cp313-cp313-win_arm64.whl", hash = "sha256:149cd4f0baf5884ac5df625b7b0d281721b15de00f447080e38f5188106e1167", size = 87933 },
]

[[package]]
name = "my-video-manager"
version = "0.1.0"
source = { virtual = "." }
dependencies = [
    { name = "customtkinter" },
    { name = "fuzzywuzzy" },
    { name = "pillow" },
    { name = "python-levenshtein" },
    { name = "python-vlc" },
    { name = "pytube" },
    { name = "ttkbootstrap" },
    { name = "yt-dlp" },
]

[package.metadata]
requires-dist = [
    { name = "customtkinter", specifier = ">=5.2.2" },
    { name = "fuzzywuzzy", specifier = ">=0.18.0" },
    { name = "pillow", specifier = ">=10.4.0" },
    { name = "python-levenshtein", specifier = ">=0.27.1" },
    { name = "python-vlc", specifier = ">=3.0.21203" },
    { name = "pytube", specifier = ">=15.0.0" },
    { name = "ttkbootstrap", specifier = ">=1.13.8" },
    { name = "yt-dlp", specifier = ">=2025.5.22" },
]

[[package]]
name = "packaging"
version = "25.0"
source = { registry = "https://pypi.org/simple" }
sdist = { url = "https://files.pythonhosted.org/packages/a1/d4/1fc4078c65507b51b96ca8f8c3ba19e6a61c8253c72794544580a7b6c24d/packaging-25.0.tar.gz", hash = "sha256:d443872c98d677bf60f6a1f2f8c1cb748e8fe762d2bf9d3148b5599295b0fc4f", size = 165727 }
wheels = [
    { url = "https://files.pythonhosted.org/packages/20/12/38679034af332785aac8774540895e234f4d07f7545804097de4b666afd8/packaging-25.0-py3-none-any.whl", hash = "sha256:29572ef2b1f17581046b3a2227d5c611fb25ec70ca1ba8554b24b0e69331a484", size = 66469 },
]

[[package]]
name = "pillow"
version = "10.4.0"
source = { registry = "https://pypi.org/simple" }
sdist = { url = "https://files.pythonhosted.org/packages/cd/74/ad3d526f3bf7b6d3f408b73fde271ec69dfac8b81341a318ce825f2b3812/pillow-10.4.0.tar.gz", hash = "sha256:166c1cd4d24309b30d61f79f4a9114b7b2313d7450912277855ff5dfd7cd4a06", size = 46555059 }
wheels = [
    { url = "https://files.pythonhosted.org/packages/c3/00/706cebe7c2c12a6318aabe5d354836f54adff7156fd9e1bd6c89f4ba0e98/pillow-10.4.0-cp313-cp313-macosx_10_13_x86_64.whl", hash = "sha256:8bc1a764ed8c957a2e9cacf97c8b2b053b70307cf2996aafd70e91a082e70df3", size = 3525685 },
    { url = "https://files.pythonhosted.org/packages/cf/76/f658cbfa49405e5ecbfb9ba42d07074ad9792031267e782d409fd8fe7c69/pillow-10.4.0-cp313-cp313-macosx_11_0_arm64.whl", hash = "sha256:6209bb41dc692ddfee4942517c19ee81b86c864b626dbfca272ec0f7cff5d9fb", size = 3374883 },
    { url = "https://files.pythonhosted.org/packages/46/2b/99c28c4379a85e65378211971c0b430d9c7234b1ec4d59b2668f6299e011/pillow-10.4.0-cp313-cp313-manylinux_2_17_aarch64.manylinux2014_aarch64.whl", hash = "sha256:bee197b30783295d2eb680b311af15a20a8b24024a19c3a26431ff83eb8d1f70", size = 4339837 },
    { url = "https://files.pythonhosted.org/packages/f1/74/b1ec314f624c0c43711fdf0d8076f82d9d802afd58f1d62c2a86878e8615/pillow-10.4.0-cp313-cp313-manylinux_2_17_x86_64.manylinux2014_x86_64.whl", hash = "sha256:1ef61f5dd14c300786318482456481463b9d6b91ebe5ef12f405afbba77ed0be", size = 4455562 },
    { url = "https://files.pythonhosted.org/packages/4a/2a/4b04157cb7b9c74372fa867096a1607e6fedad93a44deeff553ccd307868/pillow-10.4.0-cp313-cp313-manylinux_2_28_aarch64.whl", hash = "sha256:297e388da6e248c98bc4a02e018966af0c5f92dfacf5a5ca22fa01cb3179bca0", size = 4366761 },
    { url = "https://files.pythonhosted.org/packages/ac/7b/8f1d815c1a6a268fe90481232c98dd0e5fa8c75e341a75f060037bd5ceae/pillow-10.4.0-cp313-cp313-manylinux_2_28_x86_64.whl", hash = "sha256:e4db64794ccdf6cb83a59d73405f63adbe2a1887012e308828596100a0b2f6cc", size = 4536767 },
    { url = "https://files.pythonhosted.org/packages/e5/77/05fa64d1f45d12c22c314e7b97398ffb28ef2813a485465017b7978b3ce7/pillow-10.4.0-cp313-cp313-musllinux_1_2_aarch64.whl", hash = "sha256:bd2880a07482090a3bcb01f4265f1936a903d70bc740bfcb1fd4e8a2ffe5cf5a", size = 4477989 },
    { url = "https://files.pythonhosted.org/packages/12/63/b0397cfc2caae05c3fb2f4ed1b4fc4fc878f0243510a7a6034ca59726494/pillow-10.4.0-cp313-cp313-musllinux_1_2_x86_64.whl", hash = "sha256:4b35b21b819ac1dbd1233317adeecd63495f6babf21b7b2512d244ff6c6ce309", size = 4610255 },
    { url = "https://files.pythonhosted.org/packages/7b/f9/cfaa5082ca9bc4a6de66ffe1c12c2d90bf09c309a5f52b27759a596900e7/pillow-10.4.0-cp313-cp313-win32.whl", hash = "sha256:551d3fd6e9dc15e4c1eb6fc4ba2b39c0c7933fa113b220057a34f4bb3268a060", size = 2235603 },
    { url = "https://files.pythonhosted.org/packages/01/6a/30ff0eef6e0c0e71e55ded56a38d4859bf9d3634a94a88743897b5f96936/pillow-10.4.0-cp313-cp313-win_amd64.whl", hash = "sha256:030abdbe43ee02e0de642aee345efa443740aa4d828bfe8e2eb11922ea6a21ea", size = 2554972 },
    { url = "https://files.pythonhosted.org/packages/48/2c/2e0a52890f269435eee38b21c8218e102c621fe8d8df8b9dd06fabf879ba/pillow-10.4.0-cp313-cp313-win_arm64.whl", hash = "sha256:5b001114dd152cfd6b23befeb28d7aee43553e2402c9f159807bf55f33af8a8d", size = 2243375 },
]

[[package]]
name = "python-levenshtein"
version = "0.27.1"
source = { registry = "https://pypi.org/simple" }
dependencies = [
    { name = "levenshtein" },
]
sdist = { url = "https://files.pythonhosted.org/packages/13/f6/d865a565b7eeef4b5f9a18accafb03d5730c712420fc84a3a40555f7ea6b/python_levenshtein-0.27.1.tar.gz", hash = "sha256:3a5314a011016d373d309a68e875fd029caaa692ad3f32e78319299648045f11", size = 12326 }
wheels = [
    { url = "https://files.pythonhosted.org/packages/2a/95/8c8fd923b0a702388da4f9e0368f490d123cc5224279e6a083984304a15e/python_levenshtein-0.27.1-py3-none-any.whl", hash = "sha256:e1a4bc2a70284b2ebc4c505646142fecd0f831e49aa04ed972995895aec57396", size = 9426 },
]

[[package]]
name = "python-vlc"
version = "3.0.21203"
source = { registry = "https://pypi.org/simple" }
sdist = { url = "https://files.pythonhosted.org/packages/4b/5b/f9ce6f0c9877b6fe5eafbade55e0dcb6b2b30f1c2c95837aef40e390d63b/python_vlc-3.0.21203.tar.gz", hash = "sha256:52d0544b276b11e58b6c0b748c3e0518f94f74b1b4cd328c83a59eacabead1ec", size = 162211 }
wheels = [
    { url = "https://files.pythonhosted.org/packages/5b/ee/7d76eb3b50ccb1397621f32ede0fb4d17aa55a9aa2251bc34e6b9929fdce/python_vlc-3.0.21203-py3-none-any.whl", hash = "sha256:1613451a31b692ec276296ceeae0c0ba82bfc2d094dabf9aceb70f58944a6320", size = 87651 },
]

[[package]]
name = "pytube"
version = "15.0.0"
source = { registry = "https://pypi.org/simple" }
sdist = { url = "https://files.pythonhosted.org/packages/d8/e7/16fec46c8d255c4bbc4b185d89c91dc92cdb802836570d8004d0db169c91/pytube-15.0.0.tar.gz", hash = "sha256:076052efe76f390dfa24b1194ff821d4e86c17d41cb5562f3a276a8bcbfc9d1d", size = 67229 }
wheels = [
    { url = "https://files.pythonhosted.org/packages/51/64/bcf8632ed2b7a36bbf84a0544885ffa1d0b4bcf25cc0903dba66ec5fdad9/pytube-15.0.0-py3-none-any.whl", hash = "sha256:07b9904749e213485780d7eb606e5e5b8e4341aa4dccf699160876da00e12d78", size = 57594 },
]

[[package]]
name = "rapidfuzz"
version = "3.13.0"
source = { registry = "https://pypi.org/simple" }
sdist = { url = "https://files.pythonhosted.org/packages/ed/f6/6895abc3a3d056b9698da3199b04c0e56226d530ae44a470edabf8b664f0/rapidfuzz-3.13.0.tar.gz", hash = "sha256:d2eaf3839e52cbcc0accbe9817a67b4b0fcf70aaeb229cfddc1c28061f9ce5d8", size = 57904226 }
wheels = [
    { url = "https://files.pythonhosted.org/packages/0a/76/606e71e4227790750f1646f3c5c873e18d6cfeb6f9a77b2b8c4dec8f0f66/rapidfuzz-3.13.0-cp313-cp313-macosx_10_13_x86_64.whl", hash = "sha256:09e908064d3684c541d312bd4c7b05acb99a2c764f6231bd507d4b4b65226c23", size = 1982282 },
    { url = "https://files.pythonhosted.org/packages/0a/f5/d0b48c6b902607a59fd5932a54e3518dae8223814db8349b0176e6e9444b/rapidfuzz-3.13.0-cp313-cp313-macosx_11_0_arm64.whl", hash = "sha256:57c390336cb50d5d3bfb0cfe1467478a15733703af61f6dffb14b1cd312a6fae", size = 1439274 },
    { url = "https://files.pythonhosted.org/packages/59/cf/c3ac8c80d8ced6c1f99b5d9674d397ce5d0e9d0939d788d67c010e19c65f/rapidfuzz-3.13.0-cp313-cp313-manylinux_2_17_aarch64.manylinux2014_aarch64.whl", hash = "sha256:0da54aa8547b3c2c188db3d1c7eb4d1bb6dd80baa8cdaeaec3d1da3346ec9caa", size = 1399854 },
    { url = "https://files.pythonhosted.org/packages/09/5d/ca8698e452b349c8313faf07bfa84e7d1c2d2edf7ccc67bcfc49bee1259a/rapidfuzz-3.13.0-cp313-cp313-manylinux_2_17_i686.manylinux2014_i686.whl", hash = "sha256:df8e8c21e67afb9d7fbe18f42c6111fe155e801ab103c81109a61312927cc611", size = 5308962 },
    { url = "https://files.pythonhosted.org/packages/66/0a/bebada332854e78e68f3d6c05226b23faca79d71362509dbcf7b002e33b7/rapidfuzz-3.13.0-cp313-cp313-manylinux_2_17_ppc64le.manylinux2014_ppc64le.whl", hash = "sha256:461fd13250a2adf8e90ca9a0e1e166515cbcaa5e9c3b1f37545cbbeff9e77f6b", size = 1625016 },
    { url = "https://files.pythonhosted.org/packages/de/0c/9e58d4887b86d7121d1c519f7050d1be5eb189d8a8075f5417df6492b4f5/rapidfuzz-3.13.0-cp313-cp313-manylinux_2_17_s390x.manylinux2014_s390x.whl", hash = "sha256:c2b3dd5d206a12deca16870acc0d6e5036abeb70e3cad6549c294eff15591527", size = 1600414 },
    { url = "https://files.pythonhosted.org/packages/9b/df/6096bc669c1311568840bdcbb5a893edc972d1c8d2b4b4325c21d54da5b1/rapidfuzz-3.13.0-cp313-cp313-manylinux_2_17_x86_64.manylinux2014_x86_64.whl", hash = "sha256:1343d745fbf4688e412d8f398c6e6d6f269db99a54456873f232ba2e7aeb4939", size = 3053179 },
    { url = "https://files.pythonhosted.org/packages/f9/46/5179c583b75fce3e65a5cd79a3561bd19abd54518cb7c483a89b284bf2b9/rapidfuzz-3.13.0-cp313-cp313-musllinux_1_2_aarch64.whl", hash = "sha256:b1b065f370d54551dcc785c6f9eeb5bd517ae14c983d2784c064b3aa525896df", size = 2456856 },
    { url = "https://files.pythonhosted.org/packages/6b/64/e9804212e3286d027ac35bbb66603c9456c2bce23f823b67d2f5cabc05c1/rapidfuzz-3.13.0-cp313-cp313-musllinux_1_2_i686.whl", hash = "sha256:11b125d8edd67e767b2295eac6eb9afe0b1cdc82ea3d4b9257da4b8e06077798", size = 7567107 },
    { url = "https://files.pythonhosted.org/packages/8a/f2/7d69e7bf4daec62769b11757ffc31f69afb3ce248947aadbb109fefd9f65/rapidfuzz-3.13.0-cp313-cp313-musllinux_1_2_ppc64le.whl", hash = "sha256:c33f9c841630b2bb7e69a3fb5c84a854075bb812c47620978bddc591f764da3d", size = 2854192 },
    { url = "https://files.pythonhosted.org/packages/05/21/ab4ad7d7d0f653e6fe2e4ccf11d0245092bef94cdff587a21e534e57bda8/rapidfuzz-3.13.0-cp313-cp313-musllinux_1_2_s390x.whl", hash = "sha256:ae4574cb66cf1e85d32bb7e9ec45af5409c5b3970b7ceb8dea90168024127566", size = 3398876 },
    { url = "https://files.pythonhosted.org/packages/0f/a8/45bba94c2489cb1ee0130dcb46e1df4fa2c2b25269e21ffd15240a80322b/rapidfuzz-3.13.0-cp313-cp313-musllinux_1_2_x86_64.whl", hash = "sha256:e05752418b24bbd411841b256344c26f57da1148c5509e34ea39c7eb5099ab72", size = 4377077 },
    { url = "https://files.pythonhosted.org/packages/0c/f3/5e0c6ae452cbb74e5436d3445467447e8c32f3021f48f93f15934b8cffc2/rapidfuzz-3.13.0-cp313-cp313-win32.whl", hash = "sha256:0e1d08cb884805a543f2de1f6744069495ef527e279e05370dd7c83416af83f8", size = 1822066 },
    { url = "https://files.pythonhosted.org/packages/96/e3/a98c25c4f74051df4dcf2f393176b8663bfd93c7afc6692c84e96de147a2/rapidfuzz-3.13.0-cp313-cp313-win_amd64.whl", hash = "sha256:9a7c6232be5f809cd39da30ee5d24e6cadd919831e6020ec6c2391f4c3bc9264", size = 1615100 },
    { url = "https://files.pythonhosted.org/packages/60/b1/05cd5e697c00cd46d7791915f571b38c8531f714832eff2c5e34537c49ee/rapidfuzz-3.13.0-cp313-cp313-win_arm64.whl", hash = "sha256:3f32f15bacd1838c929b35c84b43618481e1b3d7a61b5ed2db0291b70ae88b53", size = 858976 },
]

[[package]]
name = "ttkbootstrap"
version = "1.13.8"
source = { registry = "https://pypi.org/simple" }
dependencies = [
    { name = "pillow" },
]
sdist = { url = "https://files.pythonhosted.org/packages/45/17/184691015f58161f8745d4d5ee135fbee8555d7b2b5864a4cb5e459aec25/ttkbootstrap-1.13.8.tar.gz", hash = "sha256:5352f12d529459cbd891aa07c31dc85288a1086fc379b9f663b628bd8eff6b3d", size = 135987 }
wheels = [
    { url = "https://files.pythonhosted.org/packages/1b/ad/0b65e3275bfcf832c8c54f5bd4cadd0c2e2427ef075ec86b5e858eb4af49/ttkbootstrap-1.13.8-py3-none-any.whl", hash = "sha256:e6ca6b4ddac7ad6042439187192caf2a722ffb1e4a54cbc50fa1e14ef3ecd81f", size = 141915 },
]

[[package]]
name = "yt-dlp"
version = "2025.5.22"
source = { registry = "https://pypi.org/simple" }
sdist = { url = "https://files.pythonhosted.org/packages/09/93/695cef32796dc7e76597e68a267a34a1b4e29bef8e12da445fa7c0ad1e55/yt_dlp-2025.5.22.tar.gz", hash = "sha256:ea73854c5dabc124f29a35a8fae9bc5d422ef3231bebeea2bdfa82ac191a9c29", size = 3017654 }
wheels = [
    { url = "https://files.pythonhosted.org/packages/25/68/4f108193ebce3ee7beb5f9a21daa6bc875e261150b510be468626f151959/yt_dlp-2025.5.22-py3-none-any.whl", hash = "sha256:a49c4b76afeaded6254c3e2b759d8d5a13271aa963d5fccb51fe059d1c313151", size = 3264137 },
]
